// !$*UTF8*$!
{
	archiveVersion = 1;
	classes = {
	};
	objectVersion = 56;
	objects = {

/* Begin PBXBuildFile section */
		866C2D072CC8FB820057C80E /* AppDelegate.swift in Sources */ = {isa = PBXBuildFile; fileRef = 866C2D062CC8FB820057C80E /* AppDelegate.swift */; };
		866C2D092CC8FB820057C80E /* SceneDelegate.swift in Sources */ = {isa = PBXBuildFile; fileRef = 866C2D082CC8FB820057C80E /* SceneDelegate.swift */; };
		866C2D0B2CC8FB820057C80E /* ViewController.swift in Sources */ = {isa = PBXBuildFile; fileRef = 866C2D0A2CC8FB820057C80E /* ViewController.swift */; };
		866C2D0E2CC8FB820057C80E /* Main.storyboard in Resources */ = {isa = PBXBuildFile; fileRef = 866C2D0C2CC8FB820057C80E /* Main.storyboard */; };
		866C2D112CC8FB820057C80E /* Barman.xcdatamodeld in Sources */ = {isa = PBXBuildFile; fileRef = 866C2D0F2CC8FB820057C80E /* Barman.xcdatamodeld */; };
		866C2D132CC8FB840057C80E /* Assets.xcassets in Resources */ = {isa = PBXBuildFile; fileRef = 866C2D122CC8FB840057C80E /* Assets.xcassets */; };
		866C2D162CC8FB840057C80E /* LaunchScreen.storyboard in Resources */ = {isa = PBXBuildFile; fileRef = 866C2D142CC8FB840057C80E /* LaunchScreen.storyboard */; };
		866C2D1F2CC8FD2C0057C80E /* WebKit.framework in Frameworks */ = {isa = PBXBuildFile; fileRef = 866C2D1E2CC8FD2C0057C80E /* WebKit.framework */; };
		866C2D212CC8FD3B0057C80E /* Network.framework in Frameworks */ = {isa = PBXBuildFile; fileRef = 866C2D202CC8FD3B0057C80E /* Network.framework */; };
		866C2D242CC901460057C80E /* Drinks+CoreDataClass.swift in Sources */ = {isa = PBXBuildFile; fileRef = 866C2D222CC901460057C80E /* Drinks+CoreDataClass.swift */; };
		866C2D252CC901460057C80E /* Drinks+CoreDataProperties.swift in Sources */ = {isa = PBXBuildFile; fileRef = 866C2D232CC901460057C80E /* Drinks+CoreDataProperties.swift */; };
		866C2D2A2CC903560057C80E /* DataManager.swift in Sources */ = {isa = PBXBuildFile; fileRef = 866C2D292CC903560057C80E /* DataManager.swift */; };
		866C2D2C2CC90AAE0057C80E /* InternetMonitor.swift in Sources */ = {isa = PBXBuildFile; fileRef = 866C2D2B2CC90AAE0057C80E /* InternetMonitor.swift */; };
		866C2D2E2CC90B900057C80E /* DrinkViewModel.swift in Sources */ = {isa = PBXBuildFile; fileRef = 866C2D2D2CC90B900057C80E /* DrinkViewModel.swift */; };
		866C2D302CC9279B0057C80E /* BebidasTableViewController.swift in Sources */ = {isa = PBXBuildFile; fileRef = 866C2D2F2CC9279B0057C80E /* BebidasTableViewController.swift */; };
		866C2D322CC92AA10057C80E /* DetailViewController.swift in Sources */ = {isa = PBXBuildFile; fileRef = 866C2D312CC92AA10057C80E /* DetailViewController.swift */; };
		866C2D342CC939680057C80E /* BebidasDetailView.swift in Sources */ = {isa = PBXBuildFile; fileRef = 866C2D332CC939680057C80E /* BebidasDetailView.swift */; };
		866C2D362CC939A00057C80E /* NewBebidaDetailView.swift in Sources */ = {isa = PBXBuildFile; fileRef = 866C2D352CC939A00057C80E /* NewBebidaDetailView.swift */; };
		866C2D382CCA08330057C80E /* NewBebidasViewController.swift in Sources */ = {isa = PBXBuildFile; fileRef = 866C2D372CCA08330057C80E /* NewBebidasViewController.swift */; };
/* End PBXBuildFile section */

/* Begin PBXFileReference section */
		866C2D032CC8FB820057C80E /* Barman.app */ = {isa = PBXFileReference; explicitFileType = wrapper.application; includeInIndex = 0; path = Barman.app; sourceTree = BUILT_PRODUCTS_DIR; };
		866C2D062CC8FB820057C80E /* AppDelegate.swift */ = {isa = PBXFileReference; lastKnownFileType = sourcecode.swift; path = AppDelegate.swift; sourceTree = "<group>"; };
		866C2D082CC8FB820057C80E /* SceneDelegate.swift */ = {isa = PBXFileReference; lastKnownFileType = sourcecode.swift; path = SceneDelegate.swift; sourceTree = "<group>"; };
		866C2D0A2CC8FB820057C80E /* ViewController.swift */ = {isa = PBXFileReference; lastKnownFileType = sourcecode.swift; path = ViewController.swift; sourceTree = "<group>"; };
		866C2D0D2CC8FB820057C80E /* Base */ = {isa = PBXFileReference; lastKnownFileType = file.storyboard; name = Base; path = Base.lproj/Main.storyboard; sourceTree = "<group>"; };
		866C2D102CC8FB820057C80E /* Barman.xcdatamodel */ = {isa = PBXFileReference; lastKnownFileType = wrapper.xcdatamodel; path = Barman.xcdatamodel; sourceTree = "<group>"; };
		866C2D122CC8FB840057C80E /* Assets.xcassets */ = {isa = PBXFileReference; lastKnownFileType = folder.assetcatalog; path = Assets.xcassets; sourceTree = "<group>"; };
		866C2D152CC8FB840057C80E /* Base */ = {isa = PBXFileReference; lastKnownFileType = file.storyboard; name = Base; path = Base.lproj/LaunchScreen.storyboard; sourceTree = "<group>"; };
		866C2D172CC8FB840057C80E /* Info.plist */ = {isa = PBXFileReference; lastKnownFileType = text.plist.xml; path = Info.plist; sourceTree = "<group>"; };
		866C2D1E2CC8FD2C0057C80E /* WebKit.framework */ = {isa = PBXFileReference; lastKnownFileType = wrapper.framework; name = WebKit.framework; path = System/Library/Frameworks/WebKit.framework; sourceTree = SDKROOT; };
		866C2D202CC8FD3B0057C80E /* Network.framework */ = {isa = PBXFileReference; lastKnownFileType = wrapper.framework; name = Network.framework; path = System/Library/Frameworks/Network.framework; sourceTree = SDKROOT; };
		866C2D222CC901460057C80E /* Drinks+CoreDataClass.swift */ = {isa = PBXFileReference; lastKnownFileType = sourcecode.swift; path = "Drinks+CoreDataClass.swift"; sourceTree = "<group>"; };
		866C2D232CC901460057C80E /* Drinks+CoreDataProperties.swift */ = {isa = PBXFileReference; lastKnownFileType = sourcecode.swift; path = "Drinks+CoreDataProperties.swift"; sourceTree = "<group>"; };
		866C2D292CC903560057C80E /* DataManager.swift */ = {isa = PBXFileReference; lastKnownFileType = sourcecode.swift; path = DataManager.swift; sourceTree = "<group>"; };
		866C2D2B2CC90AAE0057C80E /* InternetMonitor.swift */ = {isa = PBXFileReference; lastKnownFileType = sourcecode.swift; path = InternetMonitor.swift; sourceTree = "<group>"; };
		866C2D2D2CC90B900057C80E /* DrinkViewModel.swift */ = {isa = PBXFileReference; lastKnownFileType = sourcecode.swift; path = DrinkViewModel.swift; sourceTree = "<group>"; };
		866C2D2F2CC9279B0057C80E /* BebidasTableViewController.swift */ = {isa = PBXFileReference; lastKnownFileType = sourcecode.swift; path = BebidasTableViewController.swift; sourceTree = "<group>"; };
		866C2D312CC92AA10057C80E /* DetailViewController.swift */ = {isa = PBXFileReference; lastKnownFileType = sourcecode.swift; path = DetailViewController.swift; sourceTree = "<group>"; };
		866C2D332CC939680057C80E /* BebidasDetailView.swift */ = {isa = PBXFileReference; lastKnownFileType = sourcecode.swift; path = BebidasDetailView.swift; sourceTree = "<group>"; };
		866C2D352CC939A00057C80E /* NewBebidaDetailView.swift */ = {isa = PBXFileReference; lastKnownFileType = sourcecode.swift; path = NewBebidaDetailView.swift; sourceTree = "<group>"; };
		866C2D372CCA08330057C80E /* NewBebidasViewController.swift */ = {isa = PBXFileReference; lastKnownFileType = sourcecode.swift; path = NewBebidasViewController.swift; sourceTree = "<group>"; };
/* End PBXFileReference section */

/* Begin PBXFrameworksBuildPhase section */
		866C2D002CC8FB820057C80E /* Frameworks */ = {
			isa = PBXFrameworksBuildPhase;
			buildActionMask = 2147483647;
			files = (
				866C2D1F2CC8FD2C0057C80E /* WebKit.framework in Frameworks */,
				866C2D212CC8FD3B0057C80E /* Network.framework in Frameworks */,
			);
			runOnlyForDeploymentPostprocessing = 0;
		};
/* End PBXFrameworksBuildPhase section */

/* Begin PBXGroup section */
		866C2CFA2CC8FB820057C80E = {
			isa = PBXGroup;
			children = (
				866C2D052CC8FB820057C80E /* Barman */,
				866C2D042CC8FB820057C80E /* Products */,
				866C2D1D2CC8FD2B0057C80E /* Frameworks */,
			);
			sourceTree = "<group>";
		};
		866C2D042CC8FB820057C80E /* Products */ = {
			isa = PBXGroup;
			children = (
				866C2D032CC8FB820057C80E /* Barman.app */,
			);
			name = Products;
			sourceTree = "<group>";
		};
		866C2D052CC8FB820057C80E /* Barman */ = {
			isa = PBXGroup;
			children = (
				866C2D282CC901C60057C80E /* Controller */,
				866C2D272CC901BD0057C80E /* View */,
				866C2D262CC9019D0057C80E /* Model */,
				866C2D122CC8FB840057C80E /* Assets.xcassets */,
				866C2D172CC8FB840057C80E /* Info.plist */,
			);
			path = Barman;
			sourceTree = "<group>";
		};
		866C2D1D2CC8FD2B0057C80E /* Frameworks */ = {
			isa = PBXGroup;
			children = (
				866C2D202CC8FD3B0057C80E /* Network.framework */,
				866C2D1E2CC8FD2C0057C80E /* WebKit.framework */,
			);
			name = Frameworks;
			sourceTree = "<group>";
		};
		866C2D262CC9019D0057C80E /* Model */ = {
			isa = PBXGroup;
			children = (
				866C2D232CC901460057C80E /* Drinks+CoreDataProperties.swift */,
				866C2D222CC901460057C80E /* Drinks+CoreDataClass.swift */,
				866C2D0F2CC8FB820057C80E /* Barman.xcdatamodeld */,
			);
			path = Model;
			sourceTree = "<group>";
		};
		866C2D272CC901BD0057C80E /* View */ = {
			isa = PBXGroup;
			children = (
				866C2D142CC8FB840057C80E /* LaunchScreen.storyboard */,
				866C2D0C2CC8FB820057C80E /* Main.storyboard */,
				866C2D332CC939680057C80E /* BebidasDetailView.swift */,
				866C2D352CC939A00057C80E /* NewBebidaDetailView.swift */,
			);
			path = View;
			sourceTree = "<group>";
		};
		866C2D282CC901C60057C80E /* Controller */ = {
			isa = PBXGroup;
			children = (
				866C2D062CC8FB820057C80E /* AppDelegate.swift */,
				866C2D082CC8FB820057C80E /* SceneDelegate.swift */,
				866C2D0A2CC8FB820057C80E /* ViewController.swift */,
				866C2D292CC903560057C80E /* DataManager.swift */,
				866C2D2B2CC90AAE0057C80E /* InternetMonitor.swift */,
				866C2D2D2CC90B900057C80E /* DrinkViewModel.swift */,
				866C2D2F2CC9279B0057C80E /* BebidasTableViewController.swift */,
				866C2D312CC92AA10057C80E /* DetailViewController.swift */,
				866C2D372CCA08330057C80E /* NewBebidasViewController.swift */,
			);
			path = Controller;
			sourceTree = "<group>";
		};
/* End PBXGroup section */

/* Begin PBXNativeTarget section */
		866C2D022CC8FB820057C80E /* Barman */ = {
			isa = PBXNativeTarget;
			buildConfigurationList = 866C2D1A2CC8FB840057C80E /* Build configuration list for PBXNativeTarget "Barman" */;
			buildPhases = (
				866C2CFF2CC8FB820057C80E /* Sources */,
				866C2D002CC8FB820057C80E /* Frameworks */,
				866C2D012CC8FB820057C80E /* Resources */,
			);
			buildRules = (
			);
			dependencies = (
			);
			name = Barman;
			productName = Barman;
			productReference = 866C2D032CC8FB820057C80E /* Barman.app */;
			productType = "com.apple.product-type.application";
		};
/* End PBXNativeTarget section */

/* Begin PBXProject section */
		866C2CFB2CC8FB820057C80E /* Project object */ = {
			isa = PBXProject;
			attributes = {
				BuildIndependentTargetsInParallel = 1;
				LastSwiftUpdateCheck = 1420;
				LastUpgradeCheck = 1420;
				TargetAttributes = {
					866C2D022CC8FB820057C80E = {
						CreatedOnToolsVersion = 14.2;
					};
				};
			};
			buildConfigurationList = 866C2CFE2CC8FB820057C80E /* Build configuration list for PBXProject "Barman" */;
			compatibilityVersion = "Xcode 14.0";
			developmentRegion = en;
			hasScannedForEncodings = 0;
			knownRegions = (
				en,
				Base,
			);
			mainGroup = 866C2CFA2CC8FB820057C80E;
			productRefGroup = 866C2D042CC8FB820057C80E /* Products */;
			projectDirPath = "";
			projectRoot = "";
			targets = (
				866C2D022CC8FB820057C80E /* Barman */,
			);
		};
/* End PBXProject section */

/* Begin PBXResourcesBuildPhase section */
		866C2D012CC8FB820057C80E /* Resources */ = {
			isa = PBXResourcesBuildPhase;
			buildActionMask = 2147483647;
			files = (
				866C2D162CC8FB840057C80E /* LaunchScreen.storyboard in Resources */,
				866C2D132CC8FB840057C80E /* Assets.xcassets in Resources */,
				866C2D0E2CC8FB820057C80E /* Main.storyboard in Resources */,
			);
			runOnlyForDeploymentPostprocessing = 0;
		};
/* End PBXResourcesBuildPhase section */

/* Begin PBXSourcesBuildPhase section */
		866C2CFF2CC8FB820057C80E /* Sources */ = {
			isa = PBXSourcesBuildPhase;
			buildActionMask = 2147483647;
			files = (
				866C2D322CC92AA10057C80E /* DetailViewController.swift in Sources */,
				866C2D302CC9279B0057C80E /* BebidasTableViewController.swift in Sources */,
				866C2D382CCA08330057C80E /* NewBebidasViewController.swift in Sources */,
				866C2D112CC8FB820057C80E /* Barman.xcdatamodeld in Sources */,
				866C2D2E2CC90B900057C80E /* DrinkViewModel.swift in Sources */,
				866C2D2C2CC90AAE0057C80E /* InternetMonitor.swift in Sources */,
				866C2D0B2CC8FB820057C80E /* ViewController.swift in Sources */,
				866C2D342CC939680057C80E /* BebidasDetailView.swift in Sources */,
				866C2D072CC8FB820057C80E /* AppDelegate.swift in Sources */,
				866C2D362CC939A00057C80E /* NewBebidaDetailView.swift in Sources */,
				866C2D2A2CC903560057C80E /* DataManager.swift in Sources */,
				866C2D242CC901460057C80E /* Drinks+CoreDataClass.swift in Sources */,
				866C2D252CC901460057C80E /* Drinks+CoreDataProperties.swift in Sources */,
				866C2D092CC8FB820057C80E /* SceneDelegate.swift in Sources */,
			);
			runOnlyForDeploymentPostprocessing = 0;
		};
/* End PBXSourcesBuildPhase section */

/* Begin PBXVariantGroup section */
		866C2D0C2CC8FB820057C80E /* Main.storyboard */ = {
			isa = PBXVariantGroup;
			children = (
				866C2D0D2CC8FB820057C80E /* Base */,
			);
			name = Main.storyboard;
			sourceTree = "<group>";
		};
		866C2D142CC8FB840057C80E /* LaunchScreen.storyboard */ = {
			isa = PBXVariantGroup;
			children = (
				866C2D152CC8FB840057C80E /* Base */,
			);
			name = LaunchScreen.storyboard;
			sourceTree = "<group>";
		};
/* End PBXVariantGroup section */

/* Begin XCBuildConfiguration section */
		866C2D182CC8FB840057C80E /* Debug */ = {
			isa = XCBuildConfiguration;
			buildSettings = {
				ALWAYS_SEARCH_USER_PATHS = NO;
				CLANG_ANALYZER_NONNULL = YES;
				CLANG_ANALYZER_NUMBER_OBJECT_CONVERSION = YES_AGGRESSIVE;
				CLANG_CXX_LANGUAGE_STANDARD = "gnu++20";
				CLANG_ENABLE_MODULES = YES;
				CLANG_ENABLE_OBJC_ARC = YES;
				CLANG_ENABLE_OBJC_WEAK = YES;
				CLANG_WARN_BLOCK_CAPTURE_AUTORELEASING = YES;
				CLANG_WARN_BOOL_CONVERSION = YES;
				CLANG_WARN_COMMA = YES;
				CLANG_WARN_CONSTANT_CONVERSION = YES;
				CLANG_WARN_DEPRECATED_OBJC_IMPLEMENTATIONS = YES;
				CLANG_WARN_DIRECT_OBJC_ISA_USAGE = YES_ERROR;
				CLANG_WARN_DOCUMENTATION_COMMENTS = YES;
				CLANG_WARN_EMPTY_BODY = YES;
				CLANG_WARN_ENUM_CONVERSION = YES;
				CLANG_WARN_INFINITE_RECURSION = YES;
				CLANG_WARN_INT_CONVERSION = YES;
				CLANG_WARN_NON_LITERAL_NULL_CONVERSION = YES;
				CLANG_WARN_OBJC_IMPLICIT_RETAIN_SELF = YES;
				CLANG_WARN_OBJC_LITERAL_CONVERSION = YES;
				CLANG_WARN_OBJC_ROOT_CLASS = YES_ERROR;
				CLANG_WARN_QUOTED_INCLUDE_IN_FRAMEWORK_HEADER = YES;
				CLANG_WARN_RANGE_LOOP_ANALYSIS = YES;
				CLANG_WARN_STRICT_PROTOTYPES = YES;
				CLANG_WARN_SUSPICIOUS_MOVE = YES;
				CLANG_WARN_UNGUARDED_AVAILABILITY = YES_AGGRESSIVE;
				CLANG_WARN_UNREACHABLE_CODE = YES;
				CLANG_WARN__DUPLICATE_METHOD_MATCH = YES;
				COPY_PHASE_STRIP = NO;
				DEBUG_INFORMATION_FORMAT = dwarf;
				ENABLE_STRICT_OBJC_MSGSEND = YES;
				ENABLE_TESTABILITY = YES;
				GCC_C_LANGUAGE_STANDARD = gnu11;
				GCC_DYNAMIC_NO_PIC = NO;
				GCC_NO_COMMON_BLOCKS = YES;
				GCC_OPTIMIZATION_LEVEL = 0;
				GCC_PREPROCESSOR_DEFINITIONS = (
					"DEBUG=1",
					"$(inherited)",
				);
				GCC_WARN_64_TO_32_BIT_CONVERSION = YES;
				GCC_WARN_ABOUT_RETURN_TYPE = YES_ERROR;
				GCC_WARN_UNDECLARED_SELECTOR = YES;
				GCC_WARN_UNINITIALIZED_AUTOS = YES_AGGRESSIVE;
				GCC_WARN_UNUSED_FUNCTION = YES;
				GCC_WARN_UNUSED_VARIABLE = YES;
				IPHONEOS_DEPLOYMENT_TARGET = 16.2;
				MTL_ENABLE_DEBUG_INFO = INCLUDE_SOURCE;
				MTL_FAST_MATH = YES;
				ONLY_ACTIVE_ARCH = YES;
				SDKROOT = iphoneos;
				SWIFT_ACTIVE_COMPILATION_CONDITIONS = DEBUG;
				SWIFT_OPTIMIZATION_LEVEL = "-Onone";
			};
			name = Debug;
		};
		866C2D192CC8FB840057C80E /* Release */ = {
			isa = XCBuildConfiguration;
			buildSettings = {
				ALWAYS_SEARCH_USER_PATHS = NO;
				CLANG_ANALYZER_NONNULL = YES;
				CLANG_ANALYZER_NUMBER_OBJECT_CONVERSION = YES_AGGRESSIVE;
				CLANG_CXX_LANGUAGE_STANDARD = "gnu++20";
				CLANG_ENABLE_MODULES = YES;
				CLANG_ENABLE_OBJC_ARC = YES;
				CLANG_ENABLE_OBJC_WEAK = YES;
				CLANG_WARN_BLOCK_CAPTURE_AUTORELEASING = YES;
				CLANG_WARN_BOOL_CONVERSION = YES;
				CLANG_WARN_COMMA = YES;
				CLANG_WARN_CONSTANT_CONVERSION = YES;
				CLANG_WARN_DEPRECATED_OBJC_IMPLEMENTATIONS = YES;
				CLANG_WARN_DIRECT_OBJC_ISA_USAGE = YES_ERROR;
				CLANG_WARN_DOCUMENTATION_COMMENTS = YES;
				CLANG_WARN_EMPTY_BODY = YES;
				CLANG_WARN_ENUM_CONVERSION = YES;
				CLANG_WARN_INFINITE_RECURSION = YES;
				CLANG_WARN_INT_CONVERSION = YES;
				CLANG_WARN_NON_LITERAL_NULL_CONVERSION = YES;
				CLANG_WARN_OBJC_IMPLICIT_RETAIN_SELF = YES;
				CLANG_WARN_OBJC_LITERAL_CONVERSION = YES;
				CLANG_WARN_OBJC_ROOT_CLASS = YES_ERROR;
				CLANG_WARN_QUOTED_INCLUDE_IN_FRAMEWORK_HEADER = YES;
				CLANG_WARN_RANGE_LOOP_ANALYSIS = YES;
				CLANG_WARN_STRICT_PROTOTYPES = YES;
				CLANG_WARN_SUSPICIOUS_MOVE = YES;
				CLANG_WARN_UNGUARDED_AVAILABILITY = YES_AGGRESSIVE;
				CLANG_WARN_UNREACHABLE_CODE = YES;
				CLANG_WARN__DUPLICATE_METHOD_MATCH = YES;
				COPY_PHASE_STRIP = NO;
				DEBUG_INFORMATION_FORMAT = "dwarf-with-dsym";
				ENABLE_NS_ASSERTIONS = NO;
				ENABLE_STRICT_OBJC_MSGSEND = YES;
				GCC_C_LANGUAGE_STANDARD = gnu11;
				GCC_NO_COMMON_BLOCKS = YES;
				GCC_WARN_64_TO_32_BIT_CONVERSION = YES;
				GCC_WARN_ABOUT_RETURN_TYPE = YES_ERROR;
				GCC_WARN_UNDECLARED_SELECTOR = YES;
				GCC_WARN_UNINITIALIZED_AUTOS = YES_AGGRESSIVE;
				GCC_WARN_UNUSED_FUNCTION = YES;
				GCC_WARN_UNUSED_VARIABLE = YES;
				IPHONEOS_DEPLOYMENT_TARGET = 16.2;
				MTL_ENABLE_DEBUG_INFO = NO;
				MTL_FAST_MATH = YES;
				SDKROOT = iphoneos;
				SWIFT_COMPILATION_MODE = wholemodule;
				SWIFT_OPTIMIZATION_LEVEL = "-O";
				VALIDATE_PRODUCT = YES;
			};
			name = Release;
		};
		866C2D1B2CC8FB840057C80E /* Debug */ = {
			isa = XCBuildConfiguration;
			buildSettings = {
				ASSETCATALOG_COMPILER_APPICON_NAME = AppIcon;
				ASSETCATALOG_COMPILER_GLOBAL_ACCENT_COLOR_NAME = AccentColor;
				CODE_SIGN_STYLE = Automatic;
				CURRENT_PROJECT_VERSION = 1;
				DEVELOPMENT_TEAM = VX96HPJ359;
				GENERATE_INFOPLIST_FILE = YES;
				INFOPLIST_FILE = Barman/Info.plist;
				INFOPLIST_KEY_CFBundleDisplayName = Barman;
				INFOPLIST_KEY_LSApplicationCategoryType = "public.app-category.education";
				INFOPLIST_KEY_UIApplicationSupportsIndirectInputEvents = YES;
				INFOPLIST_KEY_UILaunchStoryboardName = LaunchScreen;
				INFOPLIST_KEY_UIMainStoryboardFile = Main;
				INFOPLIST_KEY_UISupportedInterfaceOrientations_iPad = "UIInterfaceOrientationPortrait UIInterfaceOrientationPortraitUpsideDown UIInterfaceOrientationLandscapeLeft UIInterfaceOrientationLandscapeRight";
				INFOPLIST_KEY_UISupportedInterfaceOrientations_iPhone = "UIInterfaceOrientationPortrait UIInterfaceOrientationLandscapeLeft UIInterfaceOrientationLandscapeRight";
				LD_RUNPATH_SEARCH_PATHS = (
					"$(inherited)",
					"@executable_path/Frameworks",
				);
				MARKETING_VERSION = 1.0;
				PRODUCT_BUNDLE_IDENTIFIER = com.developer.HelloIOS.juan.Barman;
				PRODUCT_NAME = "$(TARGET_NAME)";
				SWIFT_EMIT_LOC_STRINGS = YES;
				SWIFT_VERSION = 5.0;
				TARGETED_DEVICE_FAMILY = "1,2";
			};
			name = Debug;
		};
		866C2D1C2CC8FB840057C80E /* Release */ = {
			isa = XCBuildConfiguration;
			buildSettings = {
				ASSETCATALOG_COMPILER_APPICON_NAME = AppIcon;
				ASSETCATALOG_COMPILER_GLOBAL_ACCENT_COLOR_NAME = AccentColor;
				CODE_SIGN_STYLE = Automatic;
				CURRENT_PROJECT_VERSION = 1;
				DEVELOPMENT_TEAM = VX96HPJ359;
				GENERATE_INFOPLIST_FILE = YES;
				INFOPLIST_FILE = Barman/Info.plist;
				INFOPLIST_KEY_CFBundleDisplayName = Barman;
				INFOPLIST_KEY_LSApplicationCategoryType = "public.app-category.education";
				INFOPLIST_KEY_UIApplicationSupportsIndirectInputEvents = YES;
				INFOPLIST_KEY_UILaunchStoryboardName = LaunchScreen;
				INFOPLIST_KEY_UIMainStoryboardFile = Main;
				INFOPLIST_KEY_UISupportedInterfaceOrientations_iPad = "UIInterfaceOrientationPortrait UIInterfaceOrientationPortraitUpsideDown UIInterfaceOrientationLandscapeLeft UIInterfaceOrientationLandscapeRight";
				INFOPLIST_KEY_UISupportedInterfaceOrientations_iPhone = "UIInterfaceOrientationPortrait UIInterfaceOrientationLandscapeLeft UIInterfaceOrientationLandscapeRight";
				LD_RUNPATH_SEARCH_PATHS = (
					"$(inherited)",
					"@executable_path/Frameworks",
				);
				MARKETING_VERSION = 1.0;
				PRODUCT_BUNDLE_IDENTIFIER = com.developer.HelloIOS.juan.Barman;
				PRODUCT_NAME = "$(TARGET_NAME)";
				SWIFT_EMIT_LOC_STRINGS = YES;
				SWIFT_VERSION = 5.0;
				TARGETED_DEVICE_FAMILY = "1,2";
			};
			name = Release;
		};
/* End XCBuildConfiguration section */

/* Begin XCConfigurationList section */
		866C2CFE2CC8FB820057C80E /* Build configuration list for PBXProject "Barman" */ = {
			isa = XCConfigurationList;
			buildConfigurations = (
				866C2D182CC8FB840057C80E /* Debug */,
				866C2D192CC8FB840057C80E /* Release */,
			);
			defaultConfigurationIsVisible = 0;
			defaultConfigurationName = Release;
		};
		866C2D1A2CC8FB840057C80E /* Build configuration list for PBXNativeTarget "Barman" */ = {
			isa = XCConfigurationList;
			buildConfigurations = (
				866C2D1B2CC8FB840057C80E /* Debug */,
				866C2D1C2CC8FB840057C80E /* Release */,
			);
			defaultConfigurationIsVisible = 0;
			defaultConfigurationName = Release;
		};
/* End XCConfigurationList section */

/* Begin XCVersionGroup section */
		866C2D0F2CC8FB820057C80E /* Barman.xcdatamodeld */ = {
			isa = XCVersionGroup;
			children = (
				866C2D102CC8FB820057C80E /* Barman.xcdatamodel */,
			);
			currentVersion = 866C2D102CC8FB820057C80E /* Barman.xcdatamodel */;
			path = Barman.xcdatamodeld;
			sourceTree = "<group>";
			versionGroupType = wrapper.xcdatamodel;
		};
/* End XCVersionGroup section */
	};
	rootObject = 866C2CFB2CC8FB820057C80E /* Project object */;
}
